
Microsoft Visual Studio Solution File, Format Version 12.00
# Visual Studio Version 17
VisualStudioVersion = 17.14.37411.7 d17.14
MinimumVisualStudioVersion = 10.0.40219.1
Project("{FAE04EC0-301F-11D3-BF4B-00C04F79EFBC}") = "22 July Assign", "22 July Assign.csproj", "{867B34C3-8ADD-42B8-9821-900CD2E14739}"
EndProject
Global
	GlobalSection(SolutionConfigurationPlatforms) = preSolution
		Debug|Any CPU = Debug|Any CPU
		Release|Any CPU = Release|Any CPU
	EndGlobalSection
	GlobalSection(ProjectConfigurationPlatforms) = postSolution
		{867B34C3-8ADD-42B8-9821-900CD2E14739}.Debug|Any CPU.ActiveCfg = Debug|Any CPU
		{867B34C3-8ADD-42B8-9821-900CD2E14739}.Debug|Any CPU.Build.0 = Debug|Any CPU
		{867B34C3-8ADD-42B8-9821-900CD2E14739}.Release|Any CPU.ActiveCfg = Release|Any CPU
		{867B34C3-8ADD-42B8-9821-900CD2E14739}.Release|Any CPU.Build.0 = Release|Any CPU
	EndGlobalSection
	GlobalSection(SolutionProperties) = preSolution
		HideSolutionNode = FALSE
	EndGlobalSection
	GlobalSection(ExtensibilityGlobals) = postSolution
		SolutionGuid = {BA571D69-31E4-4503-BF23-D7A8F8716FA9}
	EndGlobalSection
EndGlobal
