
Microsoft Visual Studio Solution File, Format Version 12.00
# Visual Studio Version 17
VisualStudioVersion = 17.14.37411.7 d17.14
MinimumVisualStudioVersion = 10.0.40219.1
Project("{FAE04EC0-301F-11D3-BF4B-00C04F79EFBC}") = "3 July", "3 July.csproj", "{A059A07F-B031-4C5B-B53E-E287C7B2CD61}"
EndProject
Global
	GlobalSection(SolutionConfigurationPlatforms) = preSolution
		Debug|Any CPU = Debug|Any CPU
		Release|Any CPU = Release|Any CPU
	EndGlobalSection
	GlobalSection(ProjectConfigurationPlatforms) = postSolution
		{A059A07F-B031-4C5B-B53E-E287C7B2CD61}.Debug|Any CPU.ActiveCfg = Debug|Any CPU
		{A059A07F-B031-4C5B-B53E-E287C7B2CD61}.Debug|Any CPU.Build.0 = Debug|Any CPU
		{A059A07F-B031-4C5B-B53E-E287C7B2CD61}.Release|Any CPU.ActiveCfg = Release|Any CPU
		{A059A07F-B031-4C5B-B53E-E287C7B2CD61}.Release|Any CPU.Build.0 = Release|Any CPU
	EndGlobalSection
	GlobalSection(SolutionProperties) = preSolution
		HideSolutionNode = FALSE
	EndGlobalSection
	GlobalSection(ExtensibilityGlobals) = postSolution
		SolutionGuid = {1AAE6E87-E783-4007-B8B5-2D94F47BAA2B}
	EndGlobalSection
EndGlobal
